// !$*UTF8*$!
{
	archiveVersion = 1;
	classes = {
	};
	objectVersion = 46;
	objects = {

/* Begin PBXBuildFile section */
		2434BD2E1914736C004C5A32 /* Foundation.framework in Frameworks */ = {isa = PBXBuildFile; fileRef = 2434BD2D1914736C004C5A32 /* Foundation.framework */; };
		2434BD301914736C004C5A32 /* CoreGraphics.framework in Frameworks */ = {isa = PBXBuildFile; fileRef = 2434BD2F1914736C004C5A32 /* CoreGraphics.framework */; };
		2434BD321914736C004C5A32 /* UIKit.framework in Frameworks */ = {isa = PBXBuildFile; fileRef = 2434BD311914736C004C5A32 /* UIKit.framework */; };
		2434BD381914736C004C5A32 /* InfoPlist.strings in Resources */ = {isa = PBXBuildFile; fileRef = 2434BD361914736C004C5A32 /* InfoPlist.strings */; };
		2434BD3A1914736C004C5A32 /* main.m in Sources */ = {isa = PBXBuildFile; fileRef = 2434BD391914736C004C5A32 /* main.m */; };
		2434BD3E1914736C004C5A32 /* ALAppDelegate.m in Sources */ = {isa = PBXBuildFile; fileRef = 2434BD3D1914736C004C5A32 /* ALAppDelegate.m */; };
		2434BD401914736C004C5A32 /* Images.xcassets in Resources */ = {isa = PBXBuildFile; fileRef = 2434BD3F1914736C004C5A32 /* Images.xcassets */; };
		2434BD471914736C004C5A32 /* XCTest.framework in Frameworks */ = {isa = PBXBuildFile; fileRef = 2434BD461914736C004C5A32 /* XCTest.framework */; };
		2434BD481914736C004C5A32 /* Foundation.framework in Frameworks */ = {isa = PBXBuildFile; fileRef = 2434BD2D1914736C004C5A32 /* Foundation.framework */; };
		2434BD491914736C004C5A32 /* UIKit.framework in Frameworks */ = {isa = PBXBuildFile; fileRef = 2434BD311914736C004C5A32 /* UIKit.framework */; };
		2434BD511914736C004C5A32 /* InfoPlist.strings in Resources */ = {isa = PBXBuildFile; fileRef = 2434BD4F1914736C004C5A32 /* InfoPlist.strings */; };
		2434BD531914736C004C5A32 /* PracticeStuffTests.m in Sources */ = {isa = PBXBuildFile; fileRef = 2434BD521914736C004C5A32 /* PracticeStuffTests.m */; };
		2434BD5F191473C7004C5A32 /* ALTableViewController.m in Sources */ = {isa = PBXBuildFile; fileRef = 2434BD5D191473C7004C5A32 /* ALTableViewController.m */; };
		2434BD60191473C7004C5A32 /* ALTableViewController.xib in Resources */ = {isa = PBXBuildFile; fileRef = 2434BD5E191473C7004C5A32 /* ALTableViewController.xib */; };
		248CA25C19149A77007FC101 /* grape_PNG521.png in Resources */ = {isa = PBXBuildFile; fileRef = 248CA25B19149A77007FC101 /* grape_PNG521.png */; };
/* End PBXBuildFile section */

/* Begin PBXContainerItemProxy section */
		2434BD4A1914736C004C5A32 /* PBXContainerItemProxy */ = {
			isa = PBXContainerItemProxy;
			containerPortal = 2434BD221914736C004C5A32 /* Project object */;
			proxyType = 1;
			remoteGlobalIDString = 2434BD291914736C004C5A32;
			remoteInfo = PracticeStuff;
		};
/* End PBXContainerItemProxy section */

/* Begin PBXFileReference section */
		2434BD2A1914736C004C5A32 /* PracticeStuff.app */ = {isa = PBXFileReference; explicitFileType = wrapper.application; includeInIndex = 0; path = PracticeStuff.app; sourceTree = BUILT_PRODUCTS_DIR; };
		2434BD2D1914736C004C5A32 /* Foundation.framework */ = {isa = PBXFileReference; lastKnownFileType = wrapper.framework; name = Foundation.framework; path = System/Library/Frameworks/Foundation.framework; sourceTree = SDKROOT; };
		2434BD2F1914736C004C5A32 /* CoreGraphics.framework */ = {isa = PBXFileReference; lastKnownFileType = wrapper.framework; name = CoreGraphics.framework; path = System/Library/Frameworks/CoreGraphics.framework; sourceTree = SDKROOT; };
		2434BD311914736C004C5A32 /* UIKit.framework */ = {isa = PBXFileReference; lastKnownFileType = wrapper.framework; name = UIKit.framework; path = System/Library/Frameworks/UIKit.framework; sourceTree = SDKROOT; };
		2434BD351914736C004C5A32 /* PracticeStuff-Info.plist */ = {isa = PBXFileReference; lastKnownFileType = text.plist.xml; path = "PracticeStuff-Info.plist"; sourceTree = "<group>"; };
		2434BD371914736C004C5A32 /* en */ = {isa = PBXFileReference; lastKnownFileType = text.plist.strings; name = en; path = en.lproj/InfoPlist.strings; sourceTree = "<group>"; };
		2434BD391914736C004C5A32 /* main.m */ = {isa = PBXFileReference; lastKnownFileType = sourcecode.c.objc; path = main.m; sourceTree = "<group>"; };
		2434BD3B1914736C004C5A32 /* PracticeStuff-Prefix.pch */ = {isa = PBXFileReference; lastKnownFileType = sourcecode.c.h; path = "PracticeStuff-Prefix.pch"; sourceTree = "<group>"; };
		2434BD3C1914736C004C5A32 /* ALAppDelegate.h */ = {isa = PBXFileReference; lastKnownFileType = sourcecode.c.h; path = ALAppDelegate.h; sourceTree = "<group>"; };
		2434BD3D1914736C004C5A32 /* ALAppDelegate.m */ = {isa = PBXFileReference; lastKnownFileType = sourcecode.c.objc; path = ALAppDelegate.m; sourceTree = "<group>"; };
		2434BD3F1914736C004C5A32 /* Images.xcassets */ = {isa = PBXFileReference; lastKnownFileType = folder.assetcatalog; path = Images.xcassets; sourceTree = "<group>"; };
		2434BD451914736C004C5A32 /* PracticeStuffTests.xctest */ = {isa = PBXFileReference; explicitFileType = wrapper.cfbundle; includeInIndex = 0; path = PracticeStuffTests.xctest; sourceTree = BUILT_PRODUCTS_DIR; };
		2434BD461914736C004C5A32 /* XCTest.framework */ = {isa = PBXFileReference; lastKnownFileType = wrapper.framework; name = XCTest.framework; path = Library/Frameworks/XCTest.framework; sourceTree = DEVELOPER_DIR; };
		2434BD4E1914736C004C5A32 /* PracticeStuffTests-Info.plist */ = {isa = PBXFileReference; lastKnownFileType = text.plist.xml; path = "PracticeStuffTests-Info.plist"; sourceTree = "<group>"; };
		2434BD501914736C004C5A32 /* en */ = {isa = PBXFileReference; lastKnownFileType = text.plist.strings; name = en; path = en.lproj/InfoPlist.strings; sourceTree = "<group>"; };
		2434BD521914736C004C5A32 /* PracticeStuffTests.m */ = {isa = PBXFileReference; lastKnownFileType = sourcecode.c.objc; path = PracticeStuffTests.m; sourceTree = "<group>"; };
		2434BD5C191473C7004C5A32 /* ALTableViewController.h */ = {isa = PBXFileReference; fileEncoding = 4; lastKnownFileType = sourcecode.c.h; name = ALTableViewController.h; path = ../ALTableViewController.h; sourceTree = "<group>"; };
		2434BD5D191473C7004C5A32 /* ALTableViewController.m */ = {isa = PBXFileReference; fileEncoding = 4; lastKnownFileType = sourcecode.c.objc; name = ALTableViewController.m; path = ../ALTableViewController.m; sourceTree = "<group>"; };
		2434BD5E191473C7004C5A32 /* ALTableViewController.xib */ = {isa = PBXFileReference; fileEncoding = 4; lastKnownFileType = file.xib; name = ALTableViewController.xib; path = ../ALTableViewController.xib; sourceTree = "<group>"; };
		248CA25B19149A77007FC101 /* grape_PNG521.png */ = {isa = PBXFileReference; lastKnownFileType = image.png; path = grape_PNG521.png; sourceTree = "<group>"; };
/* End PBXFileReference section */

/* Begin PBXFrameworksBuildPhase section */
		2434BD271914736C004C5A32 /* Frameworks */ = {
			isa = PBXFrameworksBuildPhase;
			buildActionMask = 2147483647;
			files = (
				2434BD301914736C004C5A32 /* CoreGraphics.framework in Frameworks */,
				2434BD321914736C004C5A32 /* UIKit.framework in Frameworks */,
				2434BD2E1914736C004C5A32 /* Foundation.framework in Frameworks */,
			);
			runOnlyForDeploymentPostprocessing = 0;
		};
		2434BD421914736C004C5A32 /* Frameworks */ = {
			isa = PBXFrameworksBuildPhase;
			buildActionMask = 2147483647;
			files = (
				2434BD471914736C004C5A32 /* XCTest.framework in Frameworks */,
				2434BD491914736C004C5A32 /* UIKit.framework in Frameworks */,
				2434BD481914736C004C5A32 /* Foundation.framework in Frameworks */,
			);
			runOnlyForDeploymentPostprocessing = 0;
		};
/* End PBXFrameworksBuildPhase section */

/* Begin PBXGroup section */
		2434BD211914736C004C5A32 = {
			isa = PBXGroup;
			children = (
				2434BD331914736C004C5A32 /* PracticeStuff */,
				2434BD4C1914736C004C5A32 /* PracticeStuffTests */,
				2434BD2C1914736C004C5A32 /* Frameworks */,
				2434BD2B1914736C004C5A32 /* Products */,
			);
			sourceTree = "<group>";
		};
		2434BD2B1914736C004C5A32 /* Products */ = {
			isa = PBXGroup;
			children = (
				2434BD2A1914736C004C5A32 /* PracticeStuff.app */,
				2434BD451914736C004C5A32 /* PracticeStuffTests.xctest */,
			);
			name = Products;
			sourceTree = "<group>";
		};
		2434BD2C1914736C004C5A32 /* Frameworks */ = {
			isa = PBXGroup;
			children = (
				2434BD2D1914736C004C5A32 /* Foundation.framework */,
				2434BD2F1914736C004C5A32 /* CoreGraphics.framework */,
				2434BD311914736C004C5A32 /* UIKit.framework */,
				2434BD461914736C004C5A32 /* XCTest.framework */,
			);
			name = Frameworks;
			sourceTree = "<group>";
		};
		2434BD331914736C004C5A32 /* PracticeStuff */ = {
			isa = PBXGroup;
			children = (
				2434BD3C1914736C004C5A32 /* ALAppDelegate.h */,
				2434BD3D1914736C004C5A32 /* ALAppDelegate.m */,
				2434BD5C191473C7004C5A32 /* ALTableViewController.h */,
				2434BD5D191473C7004C5A32 /* ALTableViewController.m */,
				248CA25B19149A77007FC101 /* grape_PNG521.png */,
				2434BD5E191473C7004C5A32 /* ALTableViewController.xib */,
				2434BD3F1914736C004C5A32 /* Images.xcassets */,
				2434BD341914736C004C5A32 /* Supporting Files */,
			);
			path = PracticeStuff;
			sourceTree = "<group>";
		};
		2434BD341914736C004C5A32 /* Supporting Files */ = {
			isa = PBXGroup;
			children = (
				2434BD351914736C004C5A32 /* PracticeStuff-Info.plist */,
				2434BD361914736C004C5A32 /* InfoPlist.strings */,
				2434BD391914736C004C5A32 /* main.m */,
				2434BD3B1914736C004C5A32 /* PracticeStuff-Prefix.pch */,
			);
			name = "Supporting Files";
			sourceTree = "<group>";
		};
		2434BD4C1914736C004C5A32 /* PracticeStuffTests */ = {
			isa = PBXGroup;
			children = (
				2434BD521914736C004C5A32 /* PracticeStuffTests.m */,
				2434BD4D1914736C004C5A32 /* Supporting Files */,
			);
			path = PracticeStuffTests;
			sourceTree = "<group>";
		};
		2434BD4D1914736C004C5A32 /* Supporting Files */ = {
			isa = PBXGroup;
			children = (
				2434BD4E1914736C004C5A32 /* PracticeStuffTests-Info.plist */,
				2434BD4F1914736C004C5A32 /* InfoPlist.strings */,
			);
			name = "Supporting Files";
			sourceTree = "<group>";
		};
/* End PBXGroup section */

/* Begin PBXNativeTarget section */
		2434BD291914736C004C5A32 /* PracticeStuff */ = {
			isa = PBXNativeTarget;
			buildConfigurationList = 2434BD561914736C004C5A32 /* Build configuration list for PBXNativeTarget "PracticeStuff" */;
			buildPhases = (
				2434BD261914736C004C5A32 /* Sources */,
				2434BD271914736C004C5A32 /* Frameworks */,
				2434BD281914736C004C5A32 /* Resources */,
			);
			buildRules = (
			);
			dependencies = (
			);
			name = PracticeStuff;
			productName = PracticeStuff;
			productReference = 2434BD2A1914736C004C5A32 /* PracticeStuff.app */;
			productType = "com.apple.product-type.application";
		};
		2434BD441914736C004C5A32 /* PracticeStuffTests */ = {
			isa = PBXNativeTarget;
			buildConfigurationList = 2434BD591914736C004C5A32 /* Build configuration list for PBXNativeTarget "PracticeStuffTests" */;
			buildPhases = (
				2434BD411914736C004C5A32 /* Sources */,
				2434BD421914736C004C5A32 /* Frameworks */,
				2434BD431914736C004C5A32 /* Resources */,
			);
			buildRules = (
			);
			dependencies = (
				2434BD4B1914736C004C5A32 /* PBXTargetDependency */,
			);
			name = PracticeStuffTests;
			productName = PracticeStuffTests;
			productReference = 2434BD451914736C004C5A32 /* PracticeStuffTests.xctest */;
			productType = "com.apple.product-type.bundle.unit-test";
		};
/* End PBXNativeTarget section */

/* Begin PBXProject section */
		2434BD221914736C004C5A32 /* Project object */ = {
			isa = PBXProject;
			attributes = {
				CLASSPREFIX = AL;
				LastUpgradeCheck = 0510;
				ORGANIZATIONNAME = DetroitLabsUser;
				TargetAttributes = {
					2434BD441914736C004C5A32 = {
						TestTargetID = 2434BD291914736C004C5A32;
					};
				};
			};
			buildConfigurationList = 2434BD251914736C004C5A32 /* Build configuration list for PBXProject "PracticeStuff" */;
			compatibilityVersion = "Xcode 3.2";
			developmentRegion = English;
			hasScannedForEncodings = 0;
			knownRegions = (
				en,
			);
			mainGroup = 2434BD211914736C004C5A32;
			productRefGroup = 2434BD2B1914736C004C5A32 /* Products */;
			projectDirPath = "";
			projectRoot = "";
			targets = (
				2434BD291914736C004C5A32 /* PracticeStuff */,
				2434BD441914736C004C5A32 /* PracticeStuffTests */,
			);
		};
/* End PBXProject section */

/* Begin PBXResourcesBuildPhase section */
		2434BD281914736C004C5A32 /* Resources */ = {
			isa = PBXResourcesBuildPhase;
			buildActionMask = 2147483647;
			files = (
				2434BD381914736C004C5A32 /* InfoPlist.strings in Resources */,
				2434BD60191473C7004C5A32 /* ALTableViewController.xib in Resources */,
				248CA25C19149A77007FC101 /* grape_PNG521.png in Resources */,
				2434BD401914736C004C5A32 /* Images.xcassets in Resources */,
			);
			runOnlyForDeploymentPostprocessing = 0;
		};
		2434BD431914736C004C5A32 /* Resources */ = {
			isa = PBXResourcesBuildPhase;
			buildActionMask = 2147483647;
			files = (
				2434BD511914736C004C5A32 /* InfoPlist.strings in Resources */,
			);
			runOnlyForDeploymentPostprocessing = 0;
		};
/* End PBXResourcesBuildPhase section */

/* Begin PBXSourcesBuildPhase section */
		2434BD261914736C004C5A32 /* Sources */ = {
			isa = PBXSourcesBuildPhase;
			buildActionMask = 2147483647;
			files = (
				2434BD3A1914736C004C5A32 /* main.m in Sources */,
				2434BD3E1914736C004C5A32 /* ALAppDelegate.m in Sources */,
				2434BD5F191473C7004C5A32 /* ALTableViewController.m in Sources */,
			);
			runOnlyForDeploymentPostprocessing = 0;
		};
		2434BD411914736C004C5A32 /* Sources */ = {
			isa = PBXSourcesBuildPhase;
			buildActionMask = 2147483647;
			files = (
				2434BD531914736C004C5A32 /* PracticeStuffTests.m in Sources */,
			);
			runOnlyForDeploymentPostprocessing = 0;
		};
/* End PBXSourcesBuildPhase section */

/* Begin PBXTargetDependency section */
		2434BD4B1914736C004C5A32 /* PBXTargetDependency */ = {
			isa = PBXTargetDependency;
			target = 2434BD291914736C004C5A32 /* PracticeStuff */;
			targetProxy = 2434BD4A1914736C004C5A32 /* PBXContainerItemProxy */;
		};
/* End PBXTargetDependency section */

/* Begin PBXVariantGroup section */
		2434BD361914736C004C5A32 /* InfoPlist.strings */ = {
			isa = PBXVariantGroup;
			children = (
				2434BD371914736C004C5A32 /* en */,
			);
			name = InfoPlist.strings;
			sourceTree = "<group>";
		};
		2434BD4F1914736C004C5A32 /* InfoPlist.strings */ = {
			isa = PBXVariantGroup;
			children = (
				2434BD501914736C004C5A32 /* en */,
			);
			name = InfoPlist.strings;
			sourceTree = "<group>";
		};
/* End PBXVariantGroup section */

/* Begin XCBuildConfiguration section */
		2434BD541914736C004C5A32 /* Debug */ = {
			isa = XCBuildConfiguration;
			buildSettings = {
				ALWAYS_SEARCH_USER_PATHS = NO;
				CLANG_CXX_LANGUAGE_STANDARD = "gnu++0x";
				CLANG_CXX_LIBRARY = "libc++";
				CLANG_ENABLE_MODULES = YES;
				CLANG_ENABLE_OBJC_ARC = YES;
				CLANG_WARN_BOOL_CONVERSION = YES;
				CLANG_WARN_CONSTANT_CONVERSION = YES;
				CLANG_WARN_DIRECT_OBJC_ISA_USAGE = YES_ERROR;
				CLANG_WARN_EMPTY_BODY = YES;
				CLANG_WARN_ENUM_CONVERSION = YES;
				CLANG_WARN_INT_CONVERSION = YES;
				CLANG_WARN_OBJC_ROOT_CLASS = YES_ERROR;
				CLANG_WARN__DUPLICATE_METHOD_MATCH = YES;
				"CODE_SIGN_IDENTITY[sdk=iphoneos*]" = "iPhone Developer";
				COPY_PHASE_STRIP = NO;
				GCC_C_LANGUAGE_STANDARD = gnu99;
				GCC_DYNAMIC_NO_PIC = NO;
				GCC_OPTIMIZATION_LEVEL = 0;
				GCC_PREPROCESSOR_DEFINITIONS = (
					"DEBUG=1",
					"$(inherited)",
				);
				GCC_SYMBOLS_PRIVATE_EXTERN = NO;
				GCC_WARN_64_TO_32_BIT_CONVERSION = YES;
				GCC_WARN_ABOUT_RETURN_TYPE = YES_ERROR;
				GCC_WARN_UNDECLARED_SELECTOR = YES;
				GCC_WARN_UNINITIALIZED_AUTOS = YES_AGGRESSIVE;
				GCC_WARN_UNUSED_FUNCTION = YES;
				GCC_WARN_UNUSED_VARIABLE = YES;
				IPHONEOS_DEPLOYMENT_TARGET = 7.1;
				ONLY_ACTIVE_ARCH = YES;
				SDKROOT = iphoneos;
			};
			name = Debug;
		};
		2434BD551914736C004C5A32 /* Release */ = {
			isa = XCBuildConfiguration;
			buildSettings = {
				ALWAYS_SEARCH_USER_PATHS = NO;
				CLANG_CXX_LANGUAGE_STANDARD = "gnu++0x";
				CLANG_CXX_LIBRARY = "libc++";
				CLANG_ENABLE_MODULES = YES;
				CLANG_ENABLE_OBJC_ARC = YES;
				CLANG_WARN_BOOL_CONVERSION = YES;
				CLANG_WARN_CONSTANT_CONVERSION = YES;
				CLANG_WARN_DIRECT_OBJC_ISA_USAGE = YES_ERROR;
				CLANG_WARN_EMPTY_BODY = YES;
				CLANG_WARN_ENUM_CONVERSION = YES;
				CLANG_WARN_INT_CONVERSION = YES;
				CLANG_WARN_OBJC_ROOT_CLASS = YES_ERROR;
				CLANG_WARN__DUPLICATE_METHOD_MATCH = YES;
				"CODE_SIGN_IDENTITY[sdk=iphoneos*]" = "iPhone Developer";
				COPY_PHASE_STRIP = YES;
				ENABLE_NS_ASSERTIONS = NO;
				GCC_C_LANGUAGE_STANDARD = gnu99;
				GCC_WARN_64_TO_32_BIT_CONVERSION = YES;
				GCC_WARN_ABOUT_RETURN_TYPE = YES_ERROR;
				GCC_WARN_UNDECLARED_SELECTOR = YES;
				GCC_WARN_UNINITIALIZED_AUTOS = YES_AGGRESSIVE;
				GCC_WARN_UNUSED_FUNCTION = YES;
				GCC_WARN_UNUSED_VARIABLE = YES;
				IPHONEOS_DEPLOYMENT_TARGET = 7.1;
				SDKROOT = iphoneos;
				VALIDATE_PRODUCT = YES;
			};
			name = Release;
		};
		2434BD571914736C004C5A32 /* Debug */ = {
			isa = XCBuildConfiguration;
			buildSettings = {
				ASSETCATALOG_COMPILER_APPICON_NAME = AppIcon;
				ASSETCATALOG_COMPILER_LAUNCHIMAGE_NAME = LaunchImage;
				GCC_PRECOMPILE_PREFIX_HEADER = YES;
				GCC_PREFIX_HEADER = "PracticeStuff/PracticeStuff-Prefix.pch";
				INFOPLIST_FILE = "PracticeStuff/PracticeStuff-Info.plist";
				PRODUCT_NAME = "$(TARGET_NAME)";
				WRAPPER_EXTENSION = app;
			};
			name = Debug;
		};
		2434BD581914736C004C5A32 /* Release */ = {
			isa = XCBuildConfiguration;
			buildSettings = {
				ASSETCATALOG_COMPILER_APPICON_NAME = AppIcon;
				ASSETCATALOG_COMPILER_LAUNCHIMAGE_NAME = LaunchImage;
				GCC_PRECOMPILE_PREFIX_HEADER = YES;
				GCC_PREFIX_HEADER = "PracticeStuff/PracticeStuff-Prefix.pch";
				INFOPLIST_FILE = "PracticeStuff/PracticeStuff-Info.plist";
				PRODUCT_NAME = "$(TARGET_NAME)";
				WRAPPER_EXTENSION = app;
			};
			name = Release;
		};
		2434BD5A1914736C004C5A32 /* Debug */ = {
			isa = XCBuildConfiguration;
			buildSettings = {
				BUNDLE_LOADER = "$(BUILT_PRODUCTS_DIR)/PracticeStuff.app/PracticeStuff";
				FRAMEWORK_SEARCH_PATHS = (
					"$(SDKROOT)/Developer/Library/Frameworks",
					"$(inherited)",
					"$(DEVELOPER_FRAMEWORKS_DIR)",
				);
				GCC_PRECOMPILE_PREFIX_HEADER = YES;
				GCC_PREFIX_HEADER = "PracticeStuff/PracticeStuff-Prefix.pch";
				GCC_PREPROCESSOR_DEFINITIONS = (
					"DEBUG=1",
					"$(inherited)",
				);
				INFOPLIST_FILE = "PracticeStuffTests/PracticeStuffTests-Info.plist";
				PRODUCT_NAME = "$(TARGET_NAME)";
				TEST_HOST = "$(BUNDLE_LOADER)";
				WRAPPER_EXTENSION = xctest;
			};
			name = Debug;
		};
		2434BD5B1914736C004C5A32 /* Release */ = {
			isa = XCBuildConfiguration;
			buildSettings = {
				BUNDLE_LOADER = "$(BUILT_PRODUCTS_DIR)/PracticeStuff.app/PracticeStuff";
				FRAMEWORK_SEARCH_PATHS = (
					"$(SDKROOT)/Developer/Library/Frameworks",
					"$(inherited)",
					"$(DEVELOPER_FRAMEWORKS_DIR)",
				);
				GCC_PRECOMPILE_PREFIX_HEADER = YES;
				GCC_PREFIX_HEADER = "PracticeStuff/PracticeStuff-Prefix.pch";
				INFOPLIST_FILE = "PracticeStuffTests/PracticeStuffTests-Info.plist";
				PRODUCT_NAME = "$(TARGET_NAME)";
				TEST_HOST = "$(BUNDLE_LOADER)";
				WRAPPER_EXTENSION = xctest;
			};
			name = Release;
		};
/* End XCBuildConfiguration section */

/* Begin XCConfigurationList section */
		2434BD251914736C004C5A32 /* Build configuration list for PBXProject "PracticeStuff" */ = {
			isa = XCConfigurationList;
			buildConfigurations = (
				2434BD541914736C004C5A32 /* Debug */,
				2434BD551914736C004C5A32 /* Release */,
			);
			defaultConfigurationIsVisible = 0;
			defaultConfigurationName = Release;
		};
		2434BD561914736C004C5A32 /* Build configuration list for PBXNativeTarget "PracticeStuff" */ = {
			isa = XCConfigurationList;
			buildConfigurations = (
				2434BD571914736C004C5A32 /* Debug */,
				2434BD581914736C004C5A32 /* Release */,
			);
			defaultConfigurationIsVisible = 0;
			defaultConfigurationName = Release;
		};
		2434BD591914736C004C5A32 /* Build configuration list for PBXNativeTarget "PracticeStuffTests" */ = {
			isa = XCConfigurationList;
			buildConfigurations = (
				2434BD5A1914736C004C5A32 /* Debug */,
				2434BD5B1914736C004C5A32 /* Release */,
			);
			defaultConfigurationIsVisible = 0;
			defaultConfigurationName = Release;
		};
/* End XCConfigurationList section */
	};
	rootObject = 2434BD221914736C004C5A32 /* Project object */;
}
